
Microsoft Visual Studio Solution File, Format Version 12.00
# Visual Studio 15
VisualStudioVersion = 15.0.27004.2002
MinimumVisualStudioVersion = 10.0.40219.1
Project("{888888A0-9F3D-457C-B088-3A5042F75D52}") = "TestOfLibrosa", "TestOfLibrosa\TestOfLibrosa.pyproj", "{B7EB5F39-9F21-44C1-8E4F-4EDCC5F003BF}"
EndProject
Global
	GlobalSection(SolutionConfigurationPlatforms) = preSolution
		Debug|Any CPU = Debug|Any CPU
		Release|Any CPU = Release|Any CPU
	EndGlobalSection
	GlobalSection(ProjectConfigurationPlatforms) = postSolution
		{B7EB5F39-9F21-44C1-8E4F-4EDCC5F003BF}.Debug|Any CPU.ActiveCfg = Debug|Any CPU
		{B7EB5F39-9F21-44C1-8E4F-4EDCC5F003BF}.Release|Any CPU.ActiveCfg = Release|Any CPU
	EndGlobalSection
	GlobalSection(SolutionProperties) = preSolution
		HideSolutionNode = FALSE
	EndGlobalSection
	GlobalSection(ExtensibilityGlobals) = postSolution
		SolutionGuid = {093A4A86-24E9-4081-B072-98DF25D1ABB9}
	EndGlobalSection
EndGlobal
